
Microsoft Visual Studio Solution File, Format Version 12.00
# Visual Studio Version 17
VisualStudioVersion = 17.11.35222.181
MinimumVisualStudioVersion = 10.0.40219.1
Project("{FAE04EC0-301F-11D3-BF4B-00C04F79EFBC}") = "VendingMachinev2", "VendingMachinev2\VendingMachinev2.csproj", "{5CC76091-D532-4EA0-B075-424161752E55}"
EndProject
Global
	GlobalSection(SolutionConfigurationPlatforms) = preSolution
		Debug|Any CPU = Debug|Any CPU
		Release|Any CPU = Release|Any CPU
	EndGlobalSection
	GlobalSection(ProjectConfigurationPlatforms) = postSolution
		{5CC76091-D532-4EA0-B075-424161752E55}.Debug|Any CPU.ActiveCfg = Debug|Any CPU
		{5CC76091-D532-4EA0-B075-424161752E55}.Debug|Any CPU.Build.0 = Debug|Any CPU
		{5CC76091-D532-4EA0-B075-424161752E55}.Release|Any CPU.ActiveCfg = Release|Any CPU
		{5CC76091-D532-4EA0-B075-424161752E55}.Release|Any CPU.Build.0 = Release|Any CPU
	EndGlobalSection
	GlobalSection(SolutionProperties) = preSolution
		HideSolutionNode = FALSE
	EndGlobalSection
	GlobalSection(ExtensibilityGlobals) = postSolution
		SolutionGuid = {359DB07A-AA65-406B-843E-69923C8D3FDC}
	EndGlobalSection
EndGlobal
